
Microsoft Visual Studio Solution File, Format Version 12.00
# Visual Studio Version 17
VisualStudioVersion = 17.10.35122.118
MinimumVisualStudioVersion = 10.0.40219.1
Project("{FAE04EC0-301F-11D3-BF4B-00C04F79EFBC}") = "EmployeeManagementSystem", "EmployeeManagementSystem\EmployeeManagementSystem.csproj", "{34CF1574-7F17-422D-B215-A2A8D5A4101C}"
EndProject
Global
	GlobalSection(SolutionConfigurationPlatforms) = preSolution
		Debug|Any CPU = Debug|Any CPU
		Release|Any CPU = Release|Any CPU
	EndGlobalSection
	GlobalSection(ProjectConfigurationPlatforms) = postSolution
		{34CF1574-7F17-422D-B215-A2A8D5A4101C}.Debug|Any CPU.ActiveCfg = Debug|Any CPU
		{34CF1574-7F17-422D-B215-A2A8D5A4101C}.Debug|Any CPU.Build.0 = Debug|Any CPU
		{34CF1574-7F17-422D-B215-A2A8D5A4101C}.Release|Any CPU.ActiveCfg = Release|Any CPU
		{34CF1574-7F17-422D-B215-A2A8D5A4101C}.Release|Any CPU.Build.0 = Release|Any CPU
	EndGlobalSection
	GlobalSection(SolutionProperties) = preSolution
		HideSolutionNode = FALSE
	EndGlobalSection
	GlobalSection(ExtensibilityGlobals) = postSolution
		SolutionGuid = {21D87D5A-2035-491F-93E9-38C1E4DDFB7A}
	EndGlobalSection
EndGlobal
